<?xml version="1.0" encoding="UTF-8" standalone="yes" ?>
<CodeBlocks_project_file>
	<FileVersion major="1" minor="6" />
	<Project>
		<Option title="mario" />
		<Option pch_mode="2" />
		<Option compiler="gcc" />
		<Build>
			<Target title="Release">
				<Option output="bin/mario" prefix_auto="1" extension_auto="1" />
				<Option object_output="obj/" />
				<Option type="1" />
				<Option compiler="gcc" />
				<Compiler>
					<Add option="-O3" />
				</Compiler>
				<Linker>
					<Add option="-s" />
				</Linker>
			</Target>
			<Target title="Debug">
				<Option output="bin/mario" prefix_auto="1" extension_auto="1" />
				<Option object_output="obj/" />
				<Option type="1" />
				<Option compiler="gcc" />
				<Compiler>
					<Add option="-Wall" />
					<Add option="-g" />
				</Compiler>
			</Target>
		</Build>
		<Compiler>
			<Add directory="./inc" />
		</Compiler>
		<Linker>
			<Add option="-lSDL2main -lSDL2 -lSDL2_image -lSDL2_mixer" />
			<Add directory="./lib" />
		</Linker>
		<Unit filename="additions.h" />
		<Unit filename="corpse.c">
			<Option compilerVar="CC" />
		</Unit>
		<Unit filename="corpse.h" />
		<Unit filename="creature.c">
			<Option compilerVar="CC" />
		</Unit>
		<Unit filename="creature.h" />
		<Unit filename="defines.h" />
		<Unit filename="engine.c">
			<Option compilerVar="CC" />
		</Unit>
		<Unit filename="engine.h" />
		<Unit filename="level.c">
			<Option compilerVar="CC" />
		</Unit>
		<Unit filename="level.h" />
		<Unit filename="main.c">
			<Option compilerVar="CC" />
		</Unit>
		<Unit filename="mario.cbp" />
		<Unit filename="mario.depend" />
		<Unit filename="mario.layout" />
		<Unit filename="physObj.c">
			<Option compilerVar="CC" />
		</Unit>
		<Unit filename="physObj.h" />
		<Unit filename="player.c">
			<Option compilerVar="CC" />
		</Unit>
		<Unit filename="player.h" />
		<Unit filename="sound.c">
			<Option compilerVar="CC" />
		</Unit>
		<Unit filename="sound.h" />
		<Unit filename="texture.c">
			<Option compilerVar="CC" />
		</Unit>
		<Unit filename="texture.h" />
		<Unit filename="vector2d.c">
			<Option compilerVar="CC" />
		</Unit>
		<Unit filename="vector2d.h" />
		<Extensions>
			<code_completion />
			<envvars />
			<debugger />
			<lib_finder disable_auto="1" />
		</Extensions>
	</Project>
</CodeBlocks_project_file>
